lockfileVersion: '9.0'

settings:
  autoInstallPeers: true
  excludeLinksFromLockfile: false

importers:

  .:
    dependencies:
      '@electric-sql/pglite':
        specifier: ^0.2.17
        version: 0.2.17
      signal-polyfill:
        specifier: ^0.2.2
        version: 0.2.2
    devDependencies:
      '@rsbuild/core':
        specifier: ^1.2.14
        version: 1.2.14
      typescript:
        specifier: ^5.8.2
        version: 5.8.2

packages:

  '@electric-sql/pglite@0.2.17':
    resolution: {integrity: sha512-qEpKRT2oUaWDH6tjRxLHjdzMqRUGYDnGZlKrnL4dJ77JVMcP2Hpo3NYnOSPKdZdeec57B6QPprCUFg0picx5Pw==}

  '@module-federation/error-codes@0.8.4':
    resolution: {integrity: sha512-55LYmrDdKb4jt+qr8qE8U3al62ZANp3FhfVaNPOaAmdTh0jHdD8M3yf5HKFlr5xVkVO4eV/F/J2NCfpbh+pEXQ==}

  '@module-federation/runtime-tools@0.8.4':
    resolution: {integrity: sha512-fjVOsItJ1u5YY6E9FnS56UDwZgqEQUrWFnouRiPtK123LUuqUI9FH4redZoKWlE1PB0ir1Z3tnqy8eFYzPO38Q==}

  '@module-federation/runtime@0.8.4':
    resolution: {integrity: sha512-yZeZ7z2Rx4gv/0E97oLTF3V6N25vglmwXGgoeju/W2YjsFvWzVtCDI7zRRb0mJhU6+jmSM8jP1DeQGbea/AiZQ==}

  '@module-federation/sdk@0.8.4':
    resolution: {integrity: sha512-waABomIjg/5m1rPDBWYG4KUhS5r7OUUY7S+avpaVIY/tkPWB3ibRDKy2dNLLAMaLKq0u+B1qIdEp4NIWkqhqpg==}

  '@module-federation/webpack-bundler-runtime@0.8.4':
    resolution: {integrity: sha512-HggROJhvHPUX7uqBD/XlajGygMNM1DG0+4OAkk8MBQe4a18QzrRNzZt6XQbRTSG4OaEoyRWhQHvYD3Yps405tQ==}

  '@rsbuild/core@1.2.14':
    resolution: {integrity: sha512-G8AqvCHBhs8Yt7pOQuS5YYjdYozp436ohaLr1iAMB/Jw01VNFh4u1tpShudRnw3NPmHhJ82wBaEu1zNaJ0VsKg==}
    engines: {node: '>=16.7.0'}
    hasBin: true

  '@rspack/binding-darwin-arm64@1.2.5':
    resolution: {integrity: sha512-ou0NXMLp6RxY9Bx8P9lA8ArVjz/WAI/gSu5kKrdKKtMs6WKutl4vvP9A4HHZnISd9Tn00dlvDwNeNSUR7fjoDQ==}
    cpu: [arm64]
    os: [darwin]

  '@rspack/binding-darwin-x64@1.2.5':
    resolution: {integrity: sha512-RdvH9YongQlDE9+T2Xh5D2+dyiLHx2Gz38Af1uObyBRNWjF1qbuR51hOas0f2NFUdyA03j1+HWZCbE7yZrmI3w==}
    cpu: [x64]
    os: [darwin]

  '@rspack/binding-linux-arm64-gnu@1.2.5':
    resolution: {integrity: sha512-jznk/CI/wN93fr8I1j3la/CAiGf8aG7ZHIpRBtT4CkNze0c5BcF3AaJVSBHVNQqgSv0qddxMt3SADpzV8rWZ6g==}
    cpu: [arm64]
    os: [linux]

  '@rspack/binding-linux-arm64-musl@1.2.5':
    resolution: {integrity: sha512-oYzcaJ0xjb1fWbbtPmjjPXeehExEgwJ8fEGYQ5TikB+p9oCLkAghnNjsz9evUhgjByxi+NTZ1YmUNwxRuQDY1Q==}
    cpu: [arm64]
    os: [linux]

  '@rspack/binding-linux-x64-gnu@1.2.5':
    resolution: {integrity: sha512-dzEKs8oi86Vi+TFRCPpgmfF5ANL0VmlZN45e1An7HipeI2C5B1xrz/H8V43vPy8XEvQuMmkXO6Sp82A0zlHvIA==}
    cpu: [x64]
    os: [linux]

  '@rspack/binding-linux-x64-musl@1.2.5':
    resolution: {integrity: sha512-4ENeVPVSD97rRRGr6kJSm4sIPf1tKJ8vlr9hJi4sSvF7eMLWipSwIVmqRXJ2riVMRjYD2einmJ9KzI8rqQ2OwA==}
    cpu: [x64]
    os: [linux]

  '@rspack/binding-win32-arm64-msvc@1.2.5':
    resolution: {integrity: sha512-WUoJvX/z43MWeW1JKAQIxdvqH02oLzbaGMCzIikvniZnakQovYLPH6tCYh7qD3p7uQsm+IafFddhFxTtogC3pg==}
    cpu: [arm64]
    os: [win32]

  '@rspack/binding-win32-ia32-msvc@1.2.5':
    resolution: {integrity: sha512-YzPvmt/gpiacE6aAacz4dxgEbNWwoKYPaT4WYy/oITobnAui++iCFXC4IICSmlpoA1y7O8K3Qb9jbaB/lLhbwA==}
    cpu: [ia32]
    os: [win32]

  '@rspack/binding-win32-x64-msvc@1.2.5':
    resolution: {integrity: sha512-QDDshfteMZiglllm7WUh/ITemFNuexwn1Yul7cHBFGQu6HqtqKNAR0kGR8J3e15MPMlinSaygVpfRE4A0KPmjQ==}
    cpu: [x64]
    os: [win32]

  '@rspack/binding@1.2.5':
    resolution: {integrity: sha512-q9vQmGDFZyFVMULwOFL7488WNSgn4ue94R/njDLMMIPF4K0oEJP2QT02elfG4KVGv2CbP63D7vEFN4ZNreo/Rw==}

  '@rspack/core@1.2.5':
    resolution: {integrity: sha512-x/riOl05gOVGgGQFimBqS5i8XbUpBxPIKUC+tDX4hmNNkzxRaGpspZfNtcL+1HBMyYuoM6fOWGyCp2R290Uy6g==}
    engines: {node: '>=16.0.0'}
    peerDependencies:
      '@rspack/tracing': ^1.x
      '@swc/helpers': '>=0.5.1'
    peerDependenciesMeta:
      '@rspack/tracing':
        optional: true
      '@swc/helpers':
        optional: true

  '@rspack/lite-tapable@1.0.1':
    resolution: {integrity: sha512-VynGOEsVw2s8TAlLf/uESfrgfrq2+rcXB1muPJYBWbsm1Oa6r5qVQhjA5ggM6z/coYPrsVMgovl3Ff7Q7OCp1w==}
    engines: {node: '>=16.0.0'}

  '@swc/helpers@0.5.15':
    resolution: {integrity: sha512-JQ5TuMi45Owi4/BIMAJBoSQoOJu12oOk/gADqlcUL9JEdHB8vyjUSsxqeNXnmXHjYKMi2WcYtezGEEhqUI/E2g==}

  caniuse-lite@1.0.30001701:
    resolution: {integrity: sha512-faRs/AW3jA9nTwmJBSO1PQ6L/EOgsB5HMQQq4iCu5zhPgVVgO/pZRHlmatwijZKetFw8/Pr4q6dEN8sJuq8qTw==}

  core-js@3.40.0:
    resolution: {integrity: sha512-7vsMc/Lty6AGnn7uFpYT56QesI5D2Y/UkgKounk87OP9Z2H9Z8kj6jzcSGAxFmUtDOS0ntK6lbQz+Nsa0Jj6mQ==}

  isomorphic-rslog@0.0.6:
    resolution: {integrity: sha512-HM0q6XqQ93psDlqvuViNs/Ea3hAyGDkIdVAHlrEocjjAwGrs1fZ+EdQjS9eUPacnYB7Y8SoDdSY3H8p3ce205A==}
    engines: {node: '>=14.17.6'}

  jiti@2.4.2:
    resolution: {integrity: sha512-rg9zJN+G4n2nfJl5MW3BMygZX56zKPNVEYYqq7adpmMh4Jn2QNEwhvQlFy6jPVdcod7txZtKHWnyZiA3a0zP7A==}
    hasBin: true

  signal-polyfill@0.2.2:
    resolution: {integrity: sha512-p63Y4Er5/eMQ9RHg0M0Y64NlsQKpiu6MDdhBXpyywRuWiPywhJTpKJ1iB5K2hJEbFZ0BnDS7ZkJ+0AfTuL37Rg==}

  tslib@2.8.1:
    resolution: {integrity: sha512-oJFu94HQb+KVduSUQL7wnpmqnfmLsOA/nAh6b6EH0wCEoK0/mPeXU6c3wKDV83MkOuHPRHtSXKKU99IBazS/2w==}

  typescript@5.8.2:
    resolution: {integrity: sha512-aJn6wq13/afZp/jT9QZmwEjDqqvSGp1VT5GVg+f/t6/oVyrgXM6BY1h9BRh/O5p3PlUPAe+WuiEZOmb/49RqoQ==}
    engines: {node: '>=14.17'}
    hasBin: true

snapshots:

  '@electric-sql/pglite@0.2.17': {}

  '@module-federation/error-codes@0.8.4': {}

  '@module-federation/runtime-tools@0.8.4':
    dependencies:
      '@module-federation/runtime': 0.8.4
      '@module-federation/webpack-bundler-runtime': 0.8.4

  '@module-federation/runtime@0.8.4':
    dependencies:
      '@module-federation/error-codes': 0.8.4
      '@module-federation/sdk': 0.8.4

  '@module-federation/sdk@0.8.4':
    dependencies:
      isomorphic-rslog: 0.0.6

  '@module-federation/webpack-bundler-runtime@0.8.4':
    dependencies:
      '@module-federation/runtime': 0.8.4
      '@module-federation/sdk': 0.8.4

  '@rsbuild/core@1.2.14':
    dependencies:
      '@rspack/core': 1.2.5(@swc/helpers@0.5.15)
      '@rspack/lite-tapable': 1.0.1
      '@swc/helpers': 0.5.15
      core-js: 3.40.0
      jiti: 2.4.2
    transitivePeerDependencies:
      - '@rspack/tracing'

  '@rspack/binding-darwin-arm64@1.2.5':
    optional: true

  '@rspack/binding-darwin-x64@1.2.5':
    optional: true

  '@rspack/binding-linux-arm64-gnu@1.2.5':
    optional: true

  '@rspack/binding-linux-arm64-musl@1.2.5':
    optional: true

  '@rspack/binding-linux-x64-gnu@1.2.5':
    optional: true

  '@rspack/binding-linux-x64-musl@1.2.5':
    optional: true

  '@rspack/binding-win32-arm64-msvc@1.2.5':
    optional: true

  '@rspack/binding-win32-ia32-msvc@1.2.5':
    optional: true

  '@rspack/binding-win32-x64-msvc@1.2.5':
    optional: true

  '@rspack/binding@1.2.5':
    optionalDependencies:
      '@rspack/binding-darwin-arm64': 1.2.5
      '@rspack/binding-darwin-x64': 1.2.5
      '@rspack/binding-linux-arm64-gnu': 1.2.5
      '@rspack/binding-linux-arm64-musl': 1.2.5
      '@rspack/binding-linux-x64-gnu': 1.2.5
      '@rspack/binding-linux-x64-musl': 1.2.5
      '@rspack/binding-win32-arm64-msvc': 1.2.5
      '@rspack/binding-win32-ia32-msvc': 1.2.5
      '@rspack/binding-win32-x64-msvc': 1.2.5

  '@rspack/core@1.2.5(@swc/helpers@0.5.15)':
    dependencies:
      '@module-federation/runtime-tools': 0.8.4
      '@rspack/binding': 1.2.5
      '@rspack/lite-tapable': 1.0.1
      caniuse-lite: 1.0.30001701
    optionalDependencies:
      '@swc/helpers': 0.5.15

  '@rspack/lite-tapable@1.0.1': {}

  '@swc/helpers@0.5.15':
    dependencies:
      tslib: 2.8.1

  caniuse-lite@1.0.30001701: {}

  core-js@3.40.0: {}

  isomorphic-rslog@0.0.6: {}

  jiti@2.4.2: {}

  signal-polyfill@0.2.2: {}

  tslib@2.8.1: {}

  typescript@5.8.2: {}
