lockfileVersion: '9.0'

settings:
  autoInstallPeers: true
  excludeLinksFromLockfile: false

importers:

  .:
    dependencies:
      '@electric-sql/pglite':
        specifier: ^0.2.17
        version: 0.2.17
    devDependencies:
      '@danielx/civet':
        specifier: ^0.9.7
        version: 0.9.7(typescript@5.8.2)
      '@rsbuild/core':
        specifier: ^1.2.14
        version: 1.2.14
      typescript:
        specifier: ^5.8.2
        version: 5.8.2

packages:

  '@cspotcode/source-map-support@0.8.1':
    resolution: {integrity: sha512-IchNf6dN4tHoMFIn/7OE8LWZ19Y6q/67Bmf6vnGREv8RSbBVb9LPJxEcnwrcwX6ixSvaiGoomAUvu4YSxXrVgw==}
    engines: {node: '>=12'}

  '@danielx/civet@0.9.7':
    resolution: {integrity: sha512-T3rCaTMMWnQsII9MYL8ZTfFAnf738gXihNcHZXb/zKRqcKUR28mfnjbsv8a/gC90Dr+cnlq8WrIu9BaDyfU0Bw==}
    engines: {node: '>=19 || ^18.6.0 || ^16.17.0'}
    hasBin: true
    peerDependencies:
      typescript: ^4.5 || ^5.0
      yaml: ^2.4.5
    peerDependenciesMeta:
      yaml:
        optional: true

  '@electric-sql/pglite@0.2.17':
    resolution: {integrity: sha512-qEpKRT2oUaWDH6tjRxLHjdzMqRUGYDnGZlKrnL4dJ77JVMcP2Hpo3NYnOSPKdZdeec57B6QPprCUFg0picx5Pw==}

  '@jridgewell/resolve-uri@3.1.2':
    resolution: {integrity: sha512-bRISgCIjP20/tbWSPWMEi54QVPRZExkuD9lJL+UIxUKtwVJA8wW1Trb1jMs1RFXo1CBTNZ/5hpC9QvmKWdopKw==}
    engines: {node: '>=6.0.0'}

  '@jridgewell/sourcemap-codec@1.5.0':
    resolution: {integrity: sha512-gv3ZRaISU3fjPAgNsriBRqGWQL6quFx04YMPW/zD8XMLsU32mhCCbfbO6KZFLjvYpCZ8zyDEgqsgf+PwPaM7GQ==}

  '@jridgewell/trace-mapping@0.3.9':
    resolution: {integrity: sha512-3Belt6tdc8bPgAtbcmdtNJlirVoTmEb5e2gC94PnkwEW9jI6CAHUeoG85tjWP5WquqfavoMtMwiG4P926ZKKuQ==}

  '@module-federation/error-codes@0.8.4':
    resolution: {integrity: sha512-55LYmrDdKb4jt+qr8qE8U3al62ZANp3FhfVaNPOaAmdTh0jHdD8M3yf5HKFlr5xVkVO4eV/F/J2NCfpbh+pEXQ==}

  '@module-federation/runtime-tools@0.8.4':
    resolution: {integrity: sha512-fjVOsItJ1u5YY6E9FnS56UDwZgqEQUrWFnouRiPtK123LUuqUI9FH4redZoKWlE1PB0ir1Z3tnqy8eFYzPO38Q==}

  '@module-federation/runtime@0.8.4':
    resolution: {integrity: sha512-yZeZ7z2Rx4gv/0E97oLTF3V6N25vglmwXGgoeju/W2YjsFvWzVtCDI7zRRb0mJhU6+jmSM8jP1DeQGbea/AiZQ==}

  '@module-federation/sdk@0.8.4':
    resolution: {integrity: sha512-waABomIjg/5m1rPDBWYG4KUhS5r7OUUY7S+avpaVIY/tkPWB3ibRDKy2dNLLAMaLKq0u+B1qIdEp4NIWkqhqpg==}

  '@module-federation/webpack-bundler-runtime@0.8.4':
    resolution: {integrity: sha512-HggROJhvHPUX7uqBD/XlajGygMNM1DG0+4OAkk8MBQe4a18QzrRNzZt6XQbRTSG4OaEoyRWhQHvYD3Yps405tQ==}

  '@rsbuild/core@1.2.14':
    resolution: {integrity: sha512-G8AqvCHBhs8Yt7pOQuS5YYjdYozp436ohaLr1iAMB/Jw01VNFh4u1tpShudRnw3NPmHhJ82wBaEu1zNaJ0VsKg==}
    engines: {node: '>=16.7.0'}
    hasBin: true

  '@rspack/binding-darwin-arm64@1.2.5':
    resolution: {integrity: sha512-ou0NXMLp6RxY9Bx8P9lA8ArVjz/WAI/gSu5kKrdKKtMs6WKutl4vvP9A4HHZnISd9Tn00dlvDwNeNSUR7fjoDQ==}
    cpu: [arm64]
    os: [darwin]

  '@rspack/binding-darwin-x64@1.2.5':
    resolution: {integrity: sha512-RdvH9YongQlDE9+T2Xh5D2+dyiLHx2Gz38Af1uObyBRNWjF1qbuR51hOas0f2NFUdyA03j1+HWZCbE7yZrmI3w==}
    cpu: [x64]
    os: [darwin]

  '@rspack/binding-linux-arm64-gnu@1.2.5':
    resolution: {integrity: sha512-jznk/CI/wN93fr8I1j3la/CAiGf8aG7ZHIpRBtT4CkNze0c5BcF3AaJVSBHVNQqgSv0qddxMt3SADpzV8rWZ6g==}
    cpu: [arm64]
    os: [linux]

  '@rspack/binding-linux-arm64-musl@1.2.5':
    resolution: {integrity: sha512-oYzcaJ0xjb1fWbbtPmjjPXeehExEgwJ8fEGYQ5TikB+p9oCLkAghnNjsz9evUhgjByxi+NTZ1YmUNwxRuQDY1Q==}
    cpu: [arm64]
    os: [linux]

  '@rspack/binding-linux-x64-gnu@1.2.5':
    resolution: {integrity: sha512-dzEKs8oi86Vi+TFRCPpgmfF5ANL0VmlZN45e1An7HipeI2C5B1xrz/H8V43vPy8XEvQuMmkXO6Sp82A0zlHvIA==}
    cpu: [x64]
    os: [linux]

  '@rspack/binding-linux-x64-musl@1.2.5':
    resolution: {integrity: sha512-4ENeVPVSD97rRRGr6kJSm4sIPf1tKJ8vlr9hJi4sSvF7eMLWipSwIVmqRXJ2riVMRjYD2einmJ9KzI8rqQ2OwA==}
    cpu: [x64]
    os: [linux]

  '@rspack/binding-win32-arm64-msvc@1.2.5':
    resolution: {integrity: sha512-WUoJvX/z43MWeW1JKAQIxdvqH02oLzbaGMCzIikvniZnakQovYLPH6tCYh7qD3p7uQsm+IafFddhFxTtogC3pg==}
    cpu: [arm64]
    os: [win32]

  '@rspack/binding-win32-ia32-msvc@1.2.5':
    resolution: {integrity: sha512-YzPvmt/gpiacE6aAacz4dxgEbNWwoKYPaT4WYy/oITobnAui++iCFXC4IICSmlpoA1y7O8K3Qb9jbaB/lLhbwA==}
    cpu: [ia32]
    os: [win32]

  '@rspack/binding-win32-x64-msvc@1.2.5':
    resolution: {integrity: sha512-QDDshfteMZiglllm7WUh/ITemFNuexwn1Yul7cHBFGQu6HqtqKNAR0kGR8J3e15MPMlinSaygVpfRE4A0KPmjQ==}
    cpu: [x64]
    os: [win32]

  '@rspack/binding@1.2.5':
    resolution: {integrity: sha512-q9vQmGDFZyFVMULwOFL7488WNSgn4ue94R/njDLMMIPF4K0oEJP2QT02elfG4KVGv2CbP63D7vEFN4ZNreo/Rw==}

  '@rspack/core@1.2.5':
    resolution: {integrity: sha512-x/riOl05gOVGgGQFimBqS5i8XbUpBxPIKUC+tDX4hmNNkzxRaGpspZfNtcL+1HBMyYuoM6fOWGyCp2R290Uy6g==}
    engines: {node: '>=16.0.0'}
    peerDependencies:
      '@rspack/tracing': ^1.x
      '@swc/helpers': '>=0.5.1'
    peerDependenciesMeta:
      '@rspack/tracing':
        optional: true
      '@swc/helpers':
        optional: true

  '@rspack/lite-tapable@1.0.1':
    resolution: {integrity: sha512-VynGOEsVw2s8TAlLf/uESfrgfrq2+rcXB1muPJYBWbsm1Oa6r5qVQhjA5ggM6z/coYPrsVMgovl3Ff7Q7OCp1w==}
    engines: {node: '>=16.0.0'}

  '@swc/helpers@0.5.15':
    resolution: {integrity: sha512-JQ5TuMi45Owi4/BIMAJBoSQoOJu12oOk/gADqlcUL9JEdHB8vyjUSsxqeNXnmXHjYKMi2WcYtezGEEhqUI/E2g==}

  '@typescript/vfs@1.6.1':
    resolution: {integrity: sha512-JwoxboBh7Oz1v38tPbkrZ62ZXNHAk9bJ7c9x0eI5zBfBnBYGhURdbnh7Z4smN/MV48Y5OCcZb58n972UtbazsA==}
    peerDependencies:
      typescript: '*'

  acorn@8.14.0:
    resolution: {integrity: sha512-cl669nCJTZBsL97OF4kUQm5g5hC2uihk0NxY3WENAC0TYdILVkAyHymAntgxGkl7K+t0cXIrH5siy5S4XkFycA==}
    engines: {node: '>=0.4.0'}
    hasBin: true

  caniuse-lite@1.0.30001701:
    resolution: {integrity: sha512-faRs/AW3jA9nTwmJBSO1PQ6L/EOgsB5HMQQq4iCu5zhPgVVgO/pZRHlmatwijZKetFw8/Pr4q6dEN8sJuq8qTw==}

  core-js@3.40.0:
    resolution: {integrity: sha512-7vsMc/Lty6AGnn7uFpYT56QesI5D2Y/UkgKounk87OP9Z2H9Z8kj6jzcSGAxFmUtDOS0ntK6lbQz+Nsa0Jj6mQ==}

  debug@4.4.0:
    resolution: {integrity: sha512-6WTZ/IxCY/T6BALoZHaE4ctp9xm+Z5kY/pzYaCHRFeyVhojxlrm+46y68HA6hr0TcwEssoxNiDEUJQjfPZ/RYA==}
    engines: {node: '>=6.0'}
    peerDependencies:
      supports-color: '*'
    peerDependenciesMeta:
      supports-color:
        optional: true

  isomorphic-rslog@0.0.6:
    resolution: {integrity: sha512-HM0q6XqQ93psDlqvuViNs/Ea3hAyGDkIdVAHlrEocjjAwGrs1fZ+EdQjS9eUPacnYB7Y8SoDdSY3H8p3ce205A==}
    engines: {node: '>=14.17.6'}

  jiti@2.4.2:
    resolution: {integrity: sha512-rg9zJN+G4n2nfJl5MW3BMygZX56zKPNVEYYqq7adpmMh4Jn2QNEwhvQlFy6jPVdcod7txZtKHWnyZiA3a0zP7A==}
    hasBin: true

  ms@2.1.3:
    resolution: {integrity: sha512-6FlzubTLZG3J2a/NVCAleEhjzq5oxgHyaCU9yYXvcLsvoVaHJq/s5xXI6/XXP6tz7R9xAOtHnSO/tXtF3WRTlA==}

  tslib@2.8.1:
    resolution: {integrity: sha512-oJFu94HQb+KVduSUQL7wnpmqnfmLsOA/nAh6b6EH0wCEoK0/mPeXU6c3wKDV83MkOuHPRHtSXKKU99IBazS/2w==}

  typescript@5.8.2:
    resolution: {integrity: sha512-aJn6wq13/afZp/jT9QZmwEjDqqvSGp1VT5GVg+f/t6/oVyrgXM6BY1h9BRh/O5p3PlUPAe+WuiEZOmb/49RqoQ==}
    engines: {node: '>=14.17'}
    hasBin: true

  unplugin@2.2.0:
    resolution: {integrity: sha512-m1ekpSwuOT5hxkJeZGRxO7gXbXT3gF26NjQ7GdVHoLoF8/nopLcd/QfPigpCy7i51oFHiRJg/CyHhj4vs2+KGw==}
    engines: {node: '>=18.12.0'}

  webpack-virtual-modules@0.6.2:
    resolution: {integrity: sha512-66/V2i5hQanC51vBQKPH4aI8NMAcBW59FVBs+rC7eGHupMyfn34q7rZIE+ETlJ+XTevqfUhVVBgSUNSW2flEUQ==}

snapshots:

  '@cspotcode/source-map-support@0.8.1':
    dependencies:
      '@jridgewell/trace-mapping': 0.3.9

  '@danielx/civet@0.9.7(typescript@5.8.2)':
    dependencies:
      '@cspotcode/source-map-support': 0.8.1
      '@typescript/vfs': 1.6.1(typescript@5.8.2)
      typescript: 5.8.2
      unplugin: 2.2.0
    transitivePeerDependencies:
      - supports-color

  '@electric-sql/pglite@0.2.17': {}

  '@jridgewell/resolve-uri@3.1.2': {}

  '@jridgewell/sourcemap-codec@1.5.0': {}

  '@jridgewell/trace-mapping@0.3.9':
    dependencies:
      '@jridgewell/resolve-uri': 3.1.2
      '@jridgewell/sourcemap-codec': 1.5.0

  '@module-federation/error-codes@0.8.4': {}

  '@module-federation/runtime-tools@0.8.4':
    dependencies:
      '@module-federation/runtime': 0.8.4
      '@module-federation/webpack-bundler-runtime': 0.8.4

  '@module-federation/runtime@0.8.4':
    dependencies:
      '@module-federation/error-codes': 0.8.4
      '@module-federation/sdk': 0.8.4

  '@module-federation/sdk@0.8.4':
    dependencies:
      isomorphic-rslog: 0.0.6

  '@module-federation/webpack-bundler-runtime@0.8.4':
    dependencies:
      '@module-federation/runtime': 0.8.4
      '@module-federation/sdk': 0.8.4

  '@rsbuild/core@1.2.14':
    dependencies:
      '@rspack/core': 1.2.5(@swc/helpers@0.5.15)
      '@rspack/lite-tapable': 1.0.1
      '@swc/helpers': 0.5.15
      core-js: 3.40.0
      jiti: 2.4.2
    transitivePeerDependencies:
      - '@rspack/tracing'

  '@rspack/binding-darwin-arm64@1.2.5':
    optional: true

  '@rspack/binding-darwin-x64@1.2.5':
    optional: true

  '@rspack/binding-linux-arm64-gnu@1.2.5':
    optional: true

  '@rspack/binding-linux-arm64-musl@1.2.5':
    optional: true

  '@rspack/binding-linux-x64-gnu@1.2.5':
    optional: true

  '@rspack/binding-linux-x64-musl@1.2.5':
    optional: true

  '@rspack/binding-win32-arm64-msvc@1.2.5':
    optional: true

  '@rspack/binding-win32-ia32-msvc@1.2.5':
    optional: true

  '@rspack/binding-win32-x64-msvc@1.2.5':
    optional: true

  '@rspack/binding@1.2.5':
    optionalDependencies:
      '@rspack/binding-darwin-arm64': 1.2.5
      '@rspack/binding-darwin-x64': 1.2.5
      '@rspack/binding-linux-arm64-gnu': 1.2.5
      '@rspack/binding-linux-arm64-musl': 1.2.5
      '@rspack/binding-linux-x64-gnu': 1.2.5
      '@rspack/binding-linux-x64-musl': 1.2.5
      '@rspack/binding-win32-arm64-msvc': 1.2.5
      '@rspack/binding-win32-ia32-msvc': 1.2.5
      '@rspack/binding-win32-x64-msvc': 1.2.5

  '@rspack/core@1.2.5(@swc/helpers@0.5.15)':
    dependencies:
      '@module-federation/runtime-tools': 0.8.4
      '@rspack/binding': 1.2.5
      '@rspack/lite-tapable': 1.0.1
      caniuse-lite: 1.0.30001701
    optionalDependencies:
      '@swc/helpers': 0.5.15

  '@rspack/lite-tapable@1.0.1': {}

  '@swc/helpers@0.5.15':
    dependencies:
      tslib: 2.8.1

  '@typescript/vfs@1.6.1(typescript@5.8.2)':
    dependencies:
      debug: 4.4.0
      typescript: 5.8.2
    transitivePeerDependencies:
      - supports-color

  acorn@8.14.0: {}

  caniuse-lite@1.0.30001701: {}

  core-js@3.40.0: {}

  debug@4.4.0:
    dependencies:
      ms: 2.1.3

  isomorphic-rslog@0.0.6: {}

  jiti@2.4.2: {}

  ms@2.1.3: {}

  tslib@2.8.1: {}

  typescript@5.8.2: {}

  unplugin@2.2.0:
    dependencies:
      acorn: 8.14.0
      webpack-virtual-modules: 0.6.2

  webpack-virtual-modules@0.6.2: {}
